
Microsoft Visual Studio Solution File, Format Version 12.00
# Visual Studio Version 16
VisualStudioVersion = 16.0.29709.97
MinimumVisualStudioVersion = 10.0.40219.1
Project("{9A19103F-16F7-4668-BE54-9A1E7A4F7556}") = "PRView", "PRView\PRView.csproj", "{4C26923C-595D-4606-921F-C377F64CD106}"
EndProject
Project("{9A19103F-16F7-4668-BE54-9A1E7A4F7556}") = "FW_Setup", "..\..\PRSpline\FW_Setup\FW_Setup.csproj", "{DF8C07DC-0686-4D91-A6C3-6014D25A2D16}"
EndProject
Global
	GlobalSection(SolutionConfigurationPlatforms) = preSolution
		Debug|Any CPU = Debug|Any CPU
		Release|Any CPU = Release|Any CPU
	EndGlobalSection
	GlobalSection(ProjectConfigurationPlatforms) = postSolution
		{4C26923C-595D-4606-921F-C377F64CD106}.Debug|Any CPU.ActiveCfg = Debug|Any CPU
		{4C26923C-595D-4606-921F-C377F64CD106}.Debug|Any CPU.Build.0 = Debug|Any CPU
		{4C26923C-595D-4606-921F-C377F64CD106}.Release|Any CPU.ActiveCfg = Release|Any CPU
		{4C26923C-595D-4606-921F-C377F64CD106}.Release|Any CPU.Build.0 = Release|Any CPU
		{DF8C07DC-0686-4D91-A6C3-6014D25A2D16}.Debug|Any CPU.ActiveCfg = Debug|Any CPU
		{DF8C07DC-0686-4D91-A6C3-6014D25A2D16}.Debug|Any CPU.Build.0 = Debug|Any CPU
		{DF8C07DC-0686-4D91-A6C3-6014D25A2D16}.Release|Any CPU.ActiveCfg = Release|Any CPU
		{DF8C07DC-0686-4D91-A6C3-6014D25A2D16}.Release|Any CPU.Build.0 = Release|Any CPU
	EndGlobalSection
	GlobalSection(SolutionProperties) = preSolution
		HideSolutionNode = FALSE
	EndGlobalSection
	GlobalSection(ExtensibilityGlobals) = postSolution
		SolutionGuid = {393528E9-3C00-4B92-8136-157D2EAC942C}
	EndGlobalSection
EndGlobal
